
Microsoft Visual Studio Solution File, Format Version 12.00
# Visual Studio 2013
VisualStudioVersion = 12.0.31101.0
MinimumVisualStudioVersion = 10.0.40219.1
Project("{FAE04EC0-301F-11D3-BF4B-00C04F79EFBC}") = "Problem1", "Methods Homework\Problem1.csproj", "{30C82FEA-DD8B-4D2D-BB81-8FB38751F034}"
EndProject
Project("{FAE04EC0-301F-11D3-BF4B-00C04F79EFBC}") = "Problem2", "Problem2\Problem2.csproj", "{EE2A2782-D7F3-4E9A-8067-1D629A8275FE}"
EndProject
Project("{FAE04EC0-301F-11D3-BF4B-00C04F79EFBC}") = "Problem3", "Problem3\Problem3.csproj", "{254C8414-3873-4D66-A46D-A49D51B9D7E3}"
EndProject
Project("{FAE04EC0-301F-11D3-BF4B-00C04F79EFBC}") = "Problem4", "Problem4\Problem4.csproj", "{8DBCCCCA-53DC-4471-B075-EA29C5379DCE}"
EndProject
Project("{FAE04EC0-301F-11D3-BF4B-00C04F79EFBC}") = "Problem5", "Problem5\Problem5.csproj", "{3ED56E58-4952-4AA5-AE93-24FE9D12622A}"
EndProject
Project("{FAE04EC0-301F-11D3-BF4B-00C04F79EFBC}") = "Problem6", "Problem6\Problem6.csproj", "{C3713F2B-F5FA-432F-AD84-4C4E8E8A7495}"
EndProject
Project("{FAE04EC0-301F-11D3-BF4B-00C04F79EFBC}") = "Problem7", "Problem7\Problem7.csproj", "{69C2181A-5B81-4586-9281-ADC3D3175155}"
EndProject
Global
	GlobalSection(SolutionConfigurationPlatforms) = preSolution
		Debug|Any CPU = Debug|Any CPU
		Release|Any CPU = Release|Any CPU
	EndGlobalSection
	GlobalSection(ProjectConfigurationPlatforms) = postSolution
		{30C82FEA-DD8B-4D2D-BB81-8FB38751F034}.Debug|Any CPU.ActiveCfg = Debug|Any CPU
		{30C82FEA-DD8B-4D2D-BB81-8FB38751F034}.Debug|Any CPU.Build.0 = Debug|Any CPU
		{30C82FEA-DD8B-4D2D-BB81-8FB38751F034}.Release|Any CPU.ActiveCfg = Release|Any CPU
		{30C82FEA-DD8B-4D2D-BB81-8FB38751F034}.Release|Any CPU.Build.0 = Release|Any CPU
		{EE2A2782-D7F3-4E9A-8067-1D629A8275FE}.Debug|Any CPU.ActiveCfg = Debug|Any CPU
		{EE2A2782-D7F3-4E9A-8067-1D629A8275FE}.Debug|Any CPU.Build.0 = Debug|Any CPU
		{EE2A2782-D7F3-4E9A-8067-1D629A8275FE}.Release|Any CPU.ActiveCfg = Release|Any CPU
		{EE2A2782-D7F3-4E9A-8067-1D629A8275FE}.Release|Any CPU.Build.0 = Release|Any CPU
		{254C8414-3873-4D66-A46D-A49D51B9D7E3}.Debug|Any CPU.ActiveCfg = Debug|Any CPU
		{254C8414-3873-4D66-A46D-A49D51B9D7E3}.Debug|Any CPU.Build.0 = Debug|Any CPU
		{254C8414-3873-4D66-A46D-A49D51B9D7E3}.Release|Any CPU.ActiveCfg = Release|Any CPU
		{254C8414-3873-4D66-A46D-A49D51B9D7E3}.Release|Any CPU.Build.0 = Release|Any CPU
		{8DBCCCCA-53DC-4471-B075-EA29C5379DCE}.Debug|Any CPU.ActiveCfg = Debug|Any CPU
		{8DBCCCCA-53DC-4471-B075-EA29C5379DCE}.Debug|Any CPU.Build.0 = Debug|Any CPU
		{8DBCCCCA-53DC-4471-B075-EA29C5379DCE}.Release|Any CPU.ActiveCfg = Release|Any CPU
		{8DBCCCCA-53DC-4471-B075-EA29C5379DCE}.Release|Any CPU.Build.0 = Release|Any CPU
		{3ED56E58-4952-4AA5-AE93-24FE9D12622A}.Debug|Any CPU.ActiveCfg = Debug|Any CPU
		{3ED56E58-4952-4AA5-AE93-24FE9D12622A}.Debug|Any CPU.Build.0 = Debug|Any CPU
		{3ED56E58-4952-4AA5-AE93-24FE9D12622A}.Release|Any CPU.ActiveCfg = Release|Any CPU
		{3ED56E58-4952-4AA5-AE93-24FE9D12622A}.Release|Any CPU.Build.0 = Release|Any CPU
		{C3713F2B-F5FA-432F-AD84-4C4E8E8A7495}.Debug|Any CPU.ActiveCfg = Debug|Any CPU
		{C3713F2B-F5FA-432F-AD84-4C4E8E8A7495}.Debug|Any CPU.Build.0 = Debug|Any CPU
		{C3713F2B-F5FA-432F-AD84-4C4E8E8A7495}.Release|Any CPU.ActiveCfg = Release|Any CPU
		{C3713F2B-F5FA-432F-AD84-4C4E8E8A7495}.Release|Any CPU.Build.0 = Release|Any CPU
		{69C2181A-5B81-4586-9281-ADC3D3175155}.Debug|Any CPU.ActiveCfg = Debug|Any CPU
		{69C2181A-5B81-4586-9281-ADC3D3175155}.Debug|Any CPU.Build.0 = Debug|Any CPU
		{69C2181A-5B81-4586-9281-ADC3D3175155}.Release|Any CPU.ActiveCfg = Release|Any CPU
		{69C2181A-5B81-4586-9281-ADC3D3175155}.Release|Any CPU.Build.0 = Release|Any CPU
	EndGlobalSection
	GlobalSection(SolutionProperties) = preSolution
		HideSolutionNode = FALSE
	EndGlobalSection
EndGlobal
