
Microsoft Visual Studio Solution File, Format Version 12.00
# Visual Studio 2013
VisualStudioVersion = 12.0.31101.0
MinimumVisualStudioVersion = 10.0.40219.1
Project("{FAE04EC0-301F-11D3-BF4B-00C04F79EFBC}") = "Problem 1", "Streams and Files - Homework\Problem 1.csproj", "{A8C64084-5705-4190-9E55-6FE9FF7A25FB}"
EndProject
Project("{FAE04EC0-301F-11D3-BF4B-00C04F79EFBC}") = "Problem2", "Problem2\Problem2.csproj", "{4D14DEF5-4EDA-41EC-B111-E442B861A81B}"
EndProject
Project("{FAE04EC0-301F-11D3-BF4B-00C04F79EFBC}") = "Problem3", "Problem3\Problem3.csproj", "{7C24AF9E-4E04-4557-91BA-1190B42BE881}"
EndProject
Project("{FAE04EC0-301F-11D3-BF4B-00C04F79EFBC}") = "Problem4", "Problem4\Problem4.csproj", "{89F9AF82-0503-4166-B4B3-3120E3971F3C}"
EndProject
Project("{FAE04EC0-301F-11D3-BF4B-00C04F79EFBC}") = "Problem5", "Problem5\Problem5.csproj", "{2C6CDB3C-CE8E-40C0-8EBB-6CA327260891}"
EndProject
Project("{FAE04EC0-301F-11D3-BF4B-00C04F79EFBC}") = "Problem6", "Problem6\Problem6.csproj", "{B5EA242F-1C89-422B-BFCD-8ADEAD0F8E15}"
EndProject
Project("{FAE04EC0-301F-11D3-BF4B-00C04F79EFBC}") = "Problem7", "Problem7\Problem7.csproj", "{0FDC42C9-4669-4C27-8A9A-E2D017BD8262}"
EndProject
Project("{FAE04EC0-301F-11D3-BF4B-00C04F79EFBC}") = "Problem9", "Problem9\Problem9.csproj", "{2B5C9D91-C81C-48C5-B23D-8F53A3551847}"
EndProject
Global
	GlobalSection(SolutionConfigurationPlatforms) = preSolution
		Debug|Any CPU = Debug|Any CPU
		Release|Any CPU = Release|Any CPU
	EndGlobalSection
	GlobalSection(ProjectConfigurationPlatforms) = postSolution
		{A8C64084-5705-4190-9E55-6FE9FF7A25FB}.Debug|Any CPU.ActiveCfg = Debug|Any CPU
		{A8C64084-5705-4190-9E55-6FE9FF7A25FB}.Debug|Any CPU.Build.0 = Debug|Any CPU
		{A8C64084-5705-4190-9E55-6FE9FF7A25FB}.Release|Any CPU.ActiveCfg = Release|Any CPU
		{A8C64084-5705-4190-9E55-6FE9FF7A25FB}.Release|Any CPU.Build.0 = Release|Any CPU
		{4D14DEF5-4EDA-41EC-B111-E442B861A81B}.Debug|Any CPU.ActiveCfg = Debug|Any CPU
		{4D14DEF5-4EDA-41EC-B111-E442B861A81B}.Debug|Any CPU.Build.0 = Debug|Any CPU
		{4D14DEF5-4EDA-41EC-B111-E442B861A81B}.Release|Any CPU.ActiveCfg = Release|Any CPU
		{4D14DEF5-4EDA-41EC-B111-E442B861A81B}.Release|Any CPU.Build.0 = Release|Any CPU
		{7C24AF9E-4E04-4557-91BA-1190B42BE881}.Debug|Any CPU.ActiveCfg = Debug|Any CPU
		{7C24AF9E-4E04-4557-91BA-1190B42BE881}.Debug|Any CPU.Build.0 = Debug|Any CPU
		{7C24AF9E-4E04-4557-91BA-1190B42BE881}.Release|Any CPU.ActiveCfg = Release|Any CPU
		{7C24AF9E-4E04-4557-91BA-1190B42BE881}.Release|Any CPU.Build.0 = Release|Any CPU
		{89F9AF82-0503-4166-B4B3-3120E3971F3C}.Debug|Any CPU.ActiveCfg = Debug|Any CPU
		{89F9AF82-0503-4166-B4B3-3120E3971F3C}.Debug|Any CPU.Build.0 = Debug|Any CPU
		{89F9AF82-0503-4166-B4B3-3120E3971F3C}.Release|Any CPU.ActiveCfg = Release|Any CPU
		{89F9AF82-0503-4166-B4B3-3120E3971F3C}.Release|Any CPU.Build.0 = Release|Any CPU
		{2C6CDB3C-CE8E-40C0-8EBB-6CA327260891}.Debug|Any CPU.ActiveCfg = Debug|Any CPU
		{2C6CDB3C-CE8E-40C0-8EBB-6CA327260891}.Debug|Any CPU.Build.0 = Debug|Any CPU
		{2C6CDB3C-CE8E-40C0-8EBB-6CA327260891}.Release|Any CPU.ActiveCfg = Release|Any CPU
		{2C6CDB3C-CE8E-40C0-8EBB-6CA327260891}.Release|Any CPU.Build.0 = Release|Any CPU
		{B5EA242F-1C89-422B-BFCD-8ADEAD0F8E15}.Debug|Any CPU.ActiveCfg = Debug|Any CPU
		{B5EA242F-1C89-422B-BFCD-8ADEAD0F8E15}.Debug|Any CPU.Build.0 = Debug|Any CPU
		{B5EA242F-1C89-422B-BFCD-8ADEAD0F8E15}.Release|Any CPU.ActiveCfg = Release|Any CPU
		{B5EA242F-1C89-422B-BFCD-8ADEAD0F8E15}.Release|Any CPU.Build.0 = Release|Any CPU
		{0FDC42C9-4669-4C27-8A9A-E2D017BD8262}.Debug|Any CPU.ActiveCfg = Debug|Any CPU
		{0FDC42C9-4669-4C27-8A9A-E2D017BD8262}.Debug|Any CPU.Build.0 = Debug|Any CPU
		{0FDC42C9-4669-4C27-8A9A-E2D017BD8262}.Release|Any CPU.ActiveCfg = Release|Any CPU
		{0FDC42C9-4669-4C27-8A9A-E2D017BD8262}.Release|Any CPU.Build.0 = Release|Any CPU
		{2B5C9D91-C81C-48C5-B23D-8F53A3551847}.Debug|Any CPU.ActiveCfg = Debug|Any CPU
		{2B5C9D91-C81C-48C5-B23D-8F53A3551847}.Debug|Any CPU.Build.0 = Debug|Any CPU
		{2B5C9D91-C81C-48C5-B23D-8F53A3551847}.Release|Any CPU.ActiveCfg = Release|Any CPU
		{2B5C9D91-C81C-48C5-B23D-8F53A3551847}.Release|Any CPU.Build.0 = Release|Any CPU
	EndGlobalSection
	GlobalSection(SolutionProperties) = preSolution
		HideSolutionNode = FALSE
	EndGlobalSection
EndGlobal
